{
    "_meta": {
        "hash": {
            "sha256": "43a876aa965ff31146e5b187502fc1c21597128676a44da3865c502ad699fcb1"
        },
        "pipfile-spec": 6,
        "requires": {
            "python_version": "3.14"
        },
        "sources": [
            {
                "name": "pypi",
                "url": "https://pypi.org/simple",
                "verify_ssl": true
            }
        ]
    },
    "default": {
        "asgiref": {
            "hashes": [
                "sha256:59dcb51c272ad209d59bed5708a64a333083e86017d7fcdd67498eeab7784340",
                "sha256:fe386d1c2bff7259ea95929266d12a8cf9a8b5a1c2598402967d8792e7a7c094"
            ],
            "markers": "python_version >= '3.10'",
            "version": "==3.12.1"
        },
        "crispy-bootstrap5": {
            "hashes": [
                "sha256:b65409c50f5b71383770075e6cbb8335405efa1487f874ff6be6f2f6953b041c",
                "sha256:e574e6e910e97f5a32f5a18cc632d8bfd71cc4cb0f8fdd531e15f8618af2488b"
            ],
            "index": "pypi",
            "markers": "python_version >= '3.10'",
            "version": "==2026.9"
        },
        "django": {
            "hashes": [
                "sha256:141efee6ec64d1db6db90683bf734c550102450f444fb099063b0be1bd27d991",
                "sha256:a1e92451ccb8b514e91bbb3b6d186d20b4030558f116b5d9de6535455ff210b7"
            ],
            "index": "pypi",
            "markers": "python_version >= '3.12'",
            "version": "==6.1.2"
        },
        "django-crispy-forms": {
            "hashes": [
                "sha256:42a7ecb05ac3fd050d006dfe7aeceb7f318c30e5b5124ff619e2be252f36f096",
                "sha256:4c59bed60417375cba26cebb2c67ab350b655934670270b1c89dbcd7e60f1b4c"
            ],
            "index": "pypi",
            "markers": "python_version >= '3.10'",
            "version": "==2.7"
        },
        "sqlparse": {
            "hashes": [
                "sha256:113c35c75365ab9cc9c7231d68c6428fb11c085fc8e9eb1ad659b7ddbf6cd2b9",
                "sha256:b861c0288ce2fa56209a9a6412d2e066ac664b3873b89c26c9d8415e8e32996f"
            ],
            "markers": "python_version >= '3.10'",
            "version": "==0.6.0"
        },
        "tzdata": {
            "hashes": [
                "sha256:8cc73c0a0bfca7dbfa59235d60b2eff82231dee33f53d206db1acd9173cfc0a7",
                "sha256:b683bd1b6659ddcd810ff02ad09ba821d4bf1065072805063eb35c49617905ac"
            ],
            "markers": "python_version >= '2'",
            "version": "==2026.5"
        }
    },
    "develop": {}
}
